
Microsoft Visual Studio Solution File, Format Version 12.00
# Visual Studio Version 16
VisualStudioVersion = 16.0.29001.49
MinimumVisualStudioVersion = 10.0.40219.1
Project("{2150E333-8FDC-42A3-9474-1A3956D46DE8}") = "Pessoal", "Pessoal", "{BFCA5F87-026E-4F3C-8872-769AF4646ED6}"
EndProject
Project("{2150E333-8FDC-42A3-9474-1A3956D46DE8}") = "1. Api", "1. Api", "{267D6993-5DEC-4F65-B517-7EFD9E68693C}"
EndProject
Project("{2150E333-8FDC-42A3-9474-1A3956D46DE8}") = "2. Aplication", "2. Aplication", "{A34A161D-789A-415D-9CD4-DAB43E115160}"
EndProject
Project("{2150E333-8FDC-42A3-9474-1A3956D46DE8}") = "3. Domain", "3. Domain", "{1F970C26-4CC3-4061-9E57-537E5016912A}"
EndProject
Project("{2150E333-8FDC-42A3-9474-1A3956D46DE8}") = "4. Infra", "4. Infra", "{63950C07-031C-48D1-8E7F-3CBCC594FB8B}"
EndProject
Project("{2150E333-8FDC-42A3-9474-1A3956D46DE8}") = "5. Migration", "5. Migration", "{143872DB-87E3-4A78-A446-02481031A54C}"
EndProject
Project("{2150E333-8FDC-42A3-9474-1A3956D46DE8}") = "4.1 Data", "4.1 Data", "{5CA1E83C-5D65-4CA6-8CB4-BD76C153A76C}"
EndProject
Project("{2150E333-8FDC-42A3-9474-1A3956D46DE8}") = "4.2 Cross Cutting", "4.2 Cross Cutting", "{449C10E7-7A4C-4BF6-A4EB-6B4A1E9F4D37}"
EndProject
Project("{9A19103F-16F7-4668-BE54-9A1E7A4F7556}") = "Pessoal.Infra.CrossCutting.IoC", "Pessoal\Pessoal.Infra.CrossCutting.IoC\Pessoal.Infra.CrossCutting.IoC.csproj", "{8E2D737F-B2AE-4BBD-896E-43AAECE1ED56}"
EndProject
Project("{9A19103F-16F7-4668-BE54-9A1E7A4F7556}") = "Pessoal.Domain", "Pessoal\Pessoal.Domain\Pessoal.Domain.csproj", "{D592043E-68EB-45CB-BC43-7F717A98B047}"
EndProject
Project("{9A19103F-16F7-4668-BE54-9A1E7A4F7556}") = "Pessoal.Application", "Pessoal\Pessoal.Application\Pessoal.Application.csproj", "{C36C2AD0-0446-4344-B2BA-4C1E40483159}"
EndProject
Project("{9A19103F-16F7-4668-BE54-9A1E7A4F7556}") = "Pessoal.Infra.Data.Configuration", "Pessoal\Pessoal.Migration\Pessoal.Infra.Data.Configuration.csproj", "{7F792E22-86EB-4C08-BA8D-70A87C0197A9}"
EndProject
Project("{9A19103F-16F7-4668-BE54-9A1E7A4F7556}") = "Pessoal.API", "Pessoal\Pessoal.API\Pessoal.API.csproj", "{69923CCB-E8D7-4D4B-B91E-35D06F3AFFF9}"
EndProject
Project("{9A19103F-16F7-4668-BE54-9A1E7A4F7556}") = "Pessoal.Infra.Data", "Pessoal\Pessoal.Infra.Data\Pessoal.Infra.Data.csproj", "{A2C29F37-0031-4009-8657-06E2B4457C5E}"
EndProject
Project("{E53339B2-1760-4266-BCC7-CA923CBCF16C}") = "docker-compose", "docker-compose.dcproj", "{8CAF65B5-587E-498C-845A-63C7274D0F79}"
EndProject
Project("{2150E333-8FDC-42A3-9474-1A3956D46DE8}") = "PontoEletronico", "PontoEletronico", "{02D075C8-D65B-4C98-8D5F-659DA6068E46}"
EndProject
Project("{2150E333-8FDC-42A3-9474-1A3956D46DE8}") = "1.Api", "1.Api", "{6EB30042-45AD-4ABD-935A-DA2F78C90797}"
EndProject
Project("{2150E333-8FDC-42A3-9474-1A3956D46DE8}") = "2.Aplication", "2.Aplication", "{FB1078A2-FDC4-4A97-8B3A-D89080A74FAB}"
EndProject
Project("{2150E333-8FDC-42A3-9474-1A3956D46DE8}") = "3.Domain", "3.Domain", "{572290D7-A890-4D12-B593-CC43662D982D}"
EndProject
Project("{2150E333-8FDC-42A3-9474-1A3956D46DE8}") = "4.Infra", "4.Infra", "{17E0BD68-42C4-4E0A-8B6F-F64184885EDA}"
EndProject
Project("{2150E333-8FDC-42A3-9474-1A3956D46DE8}") = "5.Migration", "5.Migration", "{9200DB4D-32F0-4E9A-8E73-8658C89E77E9}"
EndProject
Project("{9A19103F-16F7-4668-BE54-9A1E7A4F7556}") = "PontoEletronico.API", "PontoEletronico\PontoEletronico.API\PontoEletronico.API.csproj", "{B6C4DBA0-4B59-45DF-8C1E-7B66409DFAEE}"
EndProject
Project("{9A19103F-16F7-4668-BE54-9A1E7A4F7556}") = "PontoEletronico.Application", "PontoEletronico\PontoEletronico.Application\PontoEletronico.Application.csproj", "{F1D28A5A-0517-4E45-AD4A-E85DB8D46107}"
EndProject
Project("{9A19103F-16F7-4668-BE54-9A1E7A4F7556}") = "PontoEletronico.Domain", "PontoEletronico\PontoEletronico.Domain\PontoEletronico.Domain.csproj", "{4F5470E1-24C5-4420-99E3-FB53FBABCCF6}"
EndProject
Project("{9A19103F-16F7-4668-BE54-9A1E7A4F7556}") = "PontoEletronico.Infra.Data", "PontoEletronico\PontoEletronico.Infra.Data\PontoEletronico.Infra.Data.csproj", "{A0A48DE1-ED9D-4756-9DF9-8CDFF8BEC2F3}"
EndProject
Project("{9A19103F-16F7-4668-BE54-9A1E7A4F7556}") = "PontoEletronico.Infra.Data.Configuration", "PontoEletronico\PontoEletronico.Migration\PontoEletronico.Infra.Data.Configuration.csproj", "{B1AB9F1F-1260-46F3-A732-6FAE7B95126D}"
EndProject
Project("{2150E333-8FDC-42A3-9474-1A3956D46DE8}") = "4.1 Data", "4.1 Data", "{628692BB-1494-41F6-865A-DECFE8F75525}"
EndProject
Project("{2150E333-8FDC-42A3-9474-1A3956D46DE8}") = "4.2 Cross Cutting", "4.2 Cross Cutting", "{3349CACD-41D1-4DA5-BFEE-AE7A2F065A25}"
EndProject
Project("{9A19103F-16F7-4668-BE54-9A1E7A4F7556}") = "PontoEletronico.Infra.CrossCutting.IoC", "PontoEletronico\PontoEletronico.Infra.CrossCutting.IoC\PontoEletronico.Infra.CrossCutting.IoC.csproj", "{701A0782-D40C-469A-ADCE-C5F2F6B78DF9}"
EndProject
Project("{2150E333-8FDC-42A3-9474-1A3956D46DE8}") = "Gateway", "Gateway", "{1619170A-30E8-4208-ADE6-F2E0D7732527}"
EndProject
Project("{9A19103F-16F7-4668-BE54-9A1E7A4F7556}") = "GatewayCelot", "GatewayCelot\GatewayCelot\GatewayCelot.csproj", "{A2785CB5-F68B-4131-BDF8-4045A9F61ABC}"
EndProject
Global
	GlobalSection(SolutionConfigurationPlatforms) = preSolution
		Debug|Any CPU = Debug|Any CPU
		Release|Any CPU = Release|Any CPU
	EndGlobalSection
	GlobalSection(ProjectConfigurationPlatforms) = postSolution
		{8E2D737F-B2AE-4BBD-896E-43AAECE1ED56}.Debug|Any CPU.ActiveCfg = Debug|Any CPU
		{8E2D737F-B2AE-4BBD-896E-43AAECE1ED56}.Debug|Any CPU.Build.0 = Debug|Any CPU
		{8E2D737F-B2AE-4BBD-896E-43AAECE1ED56}.Release|Any CPU.ActiveCfg = Release|Any CPU
		{8E2D737F-B2AE-4BBD-896E-43AAECE1ED56}.Release|Any CPU.Build.0 = Release|Any CPU
		{D592043E-68EB-45CB-BC43-7F717A98B047}.Debug|Any CPU.ActiveCfg = Debug|Any CPU
		{D592043E-68EB-45CB-BC43-7F717A98B047}.Debug|Any CPU.Build.0 = Debug|Any CPU
		{D592043E-68EB-45CB-BC43-7F717A98B047}.Release|Any CPU.ActiveCfg = Release|Any CPU
		{D592043E-68EB-45CB-BC43-7F717A98B047}.Release|Any CPU.Build.0 = Release|Any CPU
		{C36C2AD0-0446-4344-B2BA-4C1E40483159}.Debug|Any CPU.ActiveCfg = Debug|Any CPU
		{C36C2AD0-0446-4344-B2BA-4C1E40483159}.Debug|Any CPU.Build.0 = Debug|Any CPU
		{C36C2AD0-0446-4344-B2BA-4C1E40483159}.Release|Any CPU.ActiveCfg = Release|Any CPU
		{C36C2AD0-0446-4344-B2BA-4C1E40483159}.Release|Any CPU.Build.0 = Release|Any CPU
		{7F792E22-86EB-4C08-BA8D-70A87C0197A9}.Debug|Any CPU.ActiveCfg = Debug|Any CPU
		{7F792E22-86EB-4C08-BA8D-70A87C0197A9}.Debug|Any CPU.Build.0 = Debug|Any CPU
		{7F792E22-86EB-4C08-BA8D-70A87C0197A9}.Release|Any CPU.ActiveCfg = Release|Any CPU
		{7F792E22-86EB-4C08-BA8D-70A87C0197A9}.Release|Any CPU.Build.0 = Release|Any CPU
		{69923CCB-E8D7-4D4B-B91E-35D06F3AFFF9}.Debug|Any CPU.ActiveCfg = Debug|Any CPU
		{69923CCB-E8D7-4D4B-B91E-35D06F3AFFF9}.Debug|Any CPU.Build.0 = Debug|Any CPU
		{69923CCB-E8D7-4D4B-B91E-35D06F3AFFF9}.Release|Any CPU.ActiveCfg = Release|Any CPU
		{69923CCB-E8D7-4D4B-B91E-35D06F3AFFF9}.Release|Any CPU.Build.0 = Release|Any CPU
		{A2C29F37-0031-4009-8657-06E2B4457C5E}.Debug|Any CPU.ActiveCfg = Debug|Any CPU
		{A2C29F37-0031-4009-8657-06E2B4457C5E}.Debug|Any CPU.Build.0 = Debug|Any CPU
		{A2C29F37-0031-4009-8657-06E2B4457C5E}.Release|Any CPU.ActiveCfg = Release|Any CPU
		{A2C29F37-0031-4009-8657-06E2B4457C5E}.Release|Any CPU.Build.0 = Release|Any CPU
		{8CAF65B5-587E-498C-845A-63C7274D0F79}.Debug|Any CPU.ActiveCfg = Debug|Any CPU
		{8CAF65B5-587E-498C-845A-63C7274D0F79}.Debug|Any CPU.Build.0 = Debug|Any CPU
		{8CAF65B5-587E-498C-845A-63C7274D0F79}.Release|Any CPU.ActiveCfg = Release|Any CPU
		{8CAF65B5-587E-498C-845A-63C7274D0F79}.Release|Any CPU.Build.0 = Release|Any CPU
		{B6C4DBA0-4B59-45DF-8C1E-7B66409DFAEE}.Debug|Any CPU.ActiveCfg = Debug|Any CPU
		{B6C4DBA0-4B59-45DF-8C1E-7B66409DFAEE}.Debug|Any CPU.Build.0 = Debug|Any CPU
		{B6C4DBA0-4B59-45DF-8C1E-7B66409DFAEE}.Release|Any CPU.ActiveCfg = Release|Any CPU
		{B6C4DBA0-4B59-45DF-8C1E-7B66409DFAEE}.Release|Any CPU.Build.0 = Release|Any CPU
		{F1D28A5A-0517-4E45-AD4A-E85DB8D46107}.Debug|Any CPU.ActiveCfg = Debug|Any CPU
		{F1D28A5A-0517-4E45-AD4A-E85DB8D46107}.Debug|Any CPU.Build.0 = Debug|Any CPU
		{F1D28A5A-0517-4E45-AD4A-E85DB8D46107}.Release|Any CPU.ActiveCfg = Release|Any CPU
		{F1D28A5A-0517-4E45-AD4A-E85DB8D46107}.Release|Any CPU.Build.0 = Release|Any CPU
		{4F5470E1-24C5-4420-99E3-FB53FBABCCF6}.Debug|Any CPU.ActiveCfg = Debug|Any CPU
		{4F5470E1-24C5-4420-99E3-FB53FBABCCF6}.Debug|Any CPU.Build.0 = Debug|Any CPU
		{4F5470E1-24C5-4420-99E3-FB53FBABCCF6}.Release|Any CPU.ActiveCfg = Release|Any CPU
		{4F5470E1-24C5-4420-99E3-FB53FBABCCF6}.Release|Any CPU.Build.0 = Release|Any CPU
		{A0A48DE1-ED9D-4756-9DF9-8CDFF8BEC2F3}.Debug|Any CPU.ActiveCfg = Debug|Any CPU
		{A0A48DE1-ED9D-4756-9DF9-8CDFF8BEC2F3}.Debug|Any CPU.Build.0 = Debug|Any CPU
		{A0A48DE1-ED9D-4756-9DF9-8CDFF8BEC2F3}.Release|Any CPU.ActiveCfg = Release|Any CPU
		{A0A48DE1-ED9D-4756-9DF9-8CDFF8BEC2F3}.Release|Any CPU.Build.0 = Release|Any CPU
		{B1AB9F1F-1260-46F3-A732-6FAE7B95126D}.Debug|Any CPU.ActiveCfg = Debug|Any CPU
		{B1AB9F1F-1260-46F3-A732-6FAE7B95126D}.Debug|Any CPU.Build.0 = Debug|Any CPU
		{B1AB9F1F-1260-46F3-A732-6FAE7B95126D}.Release|Any CPU.ActiveCfg = Release|Any CPU
		{B1AB9F1F-1260-46F3-A732-6FAE7B95126D}.Release|Any CPU.Build.0 = Release|Any CPU
		{701A0782-D40C-469A-ADCE-C5F2F6B78DF9}.Debug|Any CPU.ActiveCfg = Debug|Any CPU
		{701A0782-D40C-469A-ADCE-C5F2F6B78DF9}.Debug|Any CPU.Build.0 = Debug|Any CPU
		{701A0782-D40C-469A-ADCE-C5F2F6B78DF9}.Release|Any CPU.ActiveCfg = Release|Any CPU
		{701A0782-D40C-469A-ADCE-C5F2F6B78DF9}.Release|Any CPU.Build.0 = Release|Any CPU
		{A2785CB5-F68B-4131-BDF8-4045A9F61ABC}.Debug|Any CPU.ActiveCfg = Debug|Any CPU
		{A2785CB5-F68B-4131-BDF8-4045A9F61ABC}.Debug|Any CPU.Build.0 = Debug|Any CPU
		{A2785CB5-F68B-4131-BDF8-4045A9F61ABC}.Release|Any CPU.ActiveCfg = Release|Any CPU
		{A2785CB5-F68B-4131-BDF8-4045A9F61ABC}.Release|Any CPU.Build.0 = Release|Any CPU
	EndGlobalSection
	GlobalSection(SolutionProperties) = preSolution
		HideSolutionNode = FALSE
	EndGlobalSection
	GlobalSection(NestedProjects) = preSolution
		{267D6993-5DEC-4F65-B517-7EFD9E68693C} = {BFCA5F87-026E-4F3C-8872-769AF4646ED6}
		{A34A161D-789A-415D-9CD4-DAB43E115160} = {BFCA5F87-026E-4F3C-8872-769AF4646ED6}
		{1F970C26-4CC3-4061-9E57-537E5016912A} = {BFCA5F87-026E-4F3C-8872-769AF4646ED6}
		{63950C07-031C-48D1-8E7F-3CBCC594FB8B} = {BFCA5F87-026E-4F3C-8872-769AF4646ED6}
		{143872DB-87E3-4A78-A446-02481031A54C} = {BFCA5F87-026E-4F3C-8872-769AF4646ED6}
		{5CA1E83C-5D65-4CA6-8CB4-BD76C153A76C} = {63950C07-031C-48D1-8E7F-3CBCC594FB8B}
		{449C10E7-7A4C-4BF6-A4EB-6B4A1E9F4D37} = {63950C07-031C-48D1-8E7F-3CBCC594FB8B}
		{8E2D737F-B2AE-4BBD-896E-43AAECE1ED56} = {449C10E7-7A4C-4BF6-A4EB-6B4A1E9F4D37}
		{D592043E-68EB-45CB-BC43-7F717A98B047} = {1F970C26-4CC3-4061-9E57-537E5016912A}
		{C36C2AD0-0446-4344-B2BA-4C1E40483159} = {A34A161D-789A-415D-9CD4-DAB43E115160}
		{7F792E22-86EB-4C08-BA8D-70A87C0197A9} = {143872DB-87E3-4A78-A446-02481031A54C}
		{69923CCB-E8D7-4D4B-B91E-35D06F3AFFF9} = {267D6993-5DEC-4F65-B517-7EFD9E68693C}
		{A2C29F37-0031-4009-8657-06E2B4457C5E} = {5CA1E83C-5D65-4CA6-8CB4-BD76C153A76C}
		{6EB30042-45AD-4ABD-935A-DA2F78C90797} = {02D075C8-D65B-4C98-8D5F-659DA6068E46}
		{FB1078A2-FDC4-4A97-8B3A-D89080A74FAB} = {02D075C8-D65B-4C98-8D5F-659DA6068E46}
		{572290D7-A890-4D12-B593-CC43662D982D} = {02D075C8-D65B-4C98-8D5F-659DA6068E46}
		{17E0BD68-42C4-4E0A-8B6F-F64184885EDA} = {02D075C8-D65B-4C98-8D5F-659DA6068E46}
		{9200DB4D-32F0-4E9A-8E73-8658C89E77E9} = {02D075C8-D65B-4C98-8D5F-659DA6068E46}
		{B6C4DBA0-4B59-45DF-8C1E-7B66409DFAEE} = {6EB30042-45AD-4ABD-935A-DA2F78C90797}
		{F1D28A5A-0517-4E45-AD4A-E85DB8D46107} = {FB1078A2-FDC4-4A97-8B3A-D89080A74FAB}
		{4F5470E1-24C5-4420-99E3-FB53FBABCCF6} = {572290D7-A890-4D12-B593-CC43662D982D}
		{A0A48DE1-ED9D-4756-9DF9-8CDFF8BEC2F3} = {628692BB-1494-41F6-865A-DECFE8F75525}
		{B1AB9F1F-1260-46F3-A732-6FAE7B95126D} = {9200DB4D-32F0-4E9A-8E73-8658C89E77E9}
		{628692BB-1494-41F6-865A-DECFE8F75525} = {17E0BD68-42C4-4E0A-8B6F-F64184885EDA}
		{3349CACD-41D1-4DA5-BFEE-AE7A2F065A25} = {17E0BD68-42C4-4E0A-8B6F-F64184885EDA}
		{701A0782-D40C-469A-ADCE-C5F2F6B78DF9} = {3349CACD-41D1-4DA5-BFEE-AE7A2F065A25}
		{A2785CB5-F68B-4131-BDF8-4045A9F61ABC} = {1619170A-30E8-4208-ADE6-F2E0D7732527}
	EndGlobalSection
	GlobalSection(ExtensibilityGlobals) = postSolution
		SolutionGuid = {361998FA-EA7A-431B-B96F-574C2897B011}
	EndGlobalSection
EndGlobal
